// !$*UTF8*$!
{
	archiveVersion = 1;
	classes = {
	};
	objectVersion = 56;
	objects = {

/* Begin PBXBuildFile section */
		D95ECB1A2C118B0B004F4541 /* AppDelegate.swift in Sources */ = {isa = PBXBuildFile; fileRef = D95ECB192C118B0B004F4541 /* AppDelegate.swift */; };
		D95ECB1C2C118B0B004F4541 /* SceneDelegate.swift in Sources */ = {isa = PBXBuildFile; fileRef = D95ECB1B2C118B0B004F4541 /* SceneDelegate.swift */; };
		D95ECB1E2C118B0B004F4541 /* EditorViewController.swift in Sources */ = {isa = PBXBuildFile; fileRef = D95ECB1D2C118B0B004F4541 /* EditorViewController.swift */; };
		D95ECB212C118B0B004F4541 /* Base in Resources */ = {isa = PBXBuildFile; fileRef = D95ECB202C118B0B004F4541 /* Base */; };
		D95ECB232C118B0D004F4541 /* Assets.xcassets in Resources */ = {isa = PBXBuildFile; fileRef = D95ECB222C118B0D004F4541 /* Assets.xcassets */; };
		D95ECB262C118B0D004F4541 /* Base in Resources */ = {isa = PBXBuildFile; fileRef = D95ECB252C118B0D004F4541 /* Base */; };
		D95ECB312C118B0D004F4541 /* EditorTests.swift in Sources */ = {isa = PBXBuildFile; fileRef = D95ECB302C118B0D004F4541 /* EditorTests.swift */; };
		D95ECB3B2C118B0E004F4541 /* EditorUITests.swift in Sources */ = {isa = PBXBuildFile; fileRef = D95ECB3A2C118B0E004F4541 /* EditorUITests.swift */; };
		D95ECB3D2C118B0E004F4541 /* EditorUITestsLaunchTests.swift in Sources */ = {isa = PBXBuildFile; fileRef = D95ECB3C2C118B0E004F4541 /* EditorUITestsLaunchTests.swift */; };
		D9B51B742C1706BD00E0738B /* BrowserViewController.swift in Sources */ = {isa = PBXBuildFile; fileRef = D9B51B732C1706BD00E0738B /* BrowserViewController.swift */; };
		D9B51B762C18064A00E0738B /* Theme.swift in Sources */ = {isa = PBXBuildFile; fileRef = D9B51B752C18064A00E0738B /* Theme.swift */; };
		D9B51B792C19988D00E0738B /* EditorInteractor.swift in Sources */ = {isa = PBXBuildFile; fileRef = D9B51B782C19988D00E0738B /* EditorInteractor.swift */; };
		D9B51B7C2C19A1E000E0738B /* UITextView.swift in Sources */ = {isa = PBXBuildFile; fileRef = D9B51B7B2C19A1E000E0738B /* UITextView.swift */; };
		D9B51B7E2C19A48200E0738B /* UITextViewInteractor.swift in Sources */ = {isa = PBXBuildFile; fileRef = D9B51B7D2C19A48200E0738B /* UITextViewInteractor.swift */; };
		D9B51B812C1A55BA00E0738B /* EditLinkViewController.swift in Sources */ = {isa = PBXBuildFile; fileRef = D9B51B802C1A55BA00E0738B /* EditLinkViewController.swift */; };
/* End PBXBuildFile section */

/* Begin PBXContainerItemProxy section */
		D95ECB2D2C118B0D004F4541 /* PBXContainerItemProxy */ = {
			isa = PBXContainerItemProxy;
			containerPortal = D95ECB0E2C118B0B004F4541 /* Project object */;
			proxyType = 1;
			remoteGlobalIDString = D95ECB152C118B0B004F4541;
			remoteInfo = Editor;
		};
		D95ECB372C118B0D004F4541 /* PBXContainerItemProxy */ = {
			isa = PBXContainerItemProxy;
			containerPortal = D95ECB0E2C118B0B004F4541 /* Project object */;
			proxyType = 1;
			remoteGlobalIDString = D95ECB152C118B0B004F4541;
			remoteInfo = Editor;
		};
/* End PBXContainerItemProxy section */

/* Begin PBXFileReference section */
		D95ECB162C118B0B004F4541 /* Editor.app */ = {isa = PBXFileReference; explicitFileType = wrapper.application; includeInIndex = 0; path = Editor.app; sourceTree = BUILT_PRODUCTS_DIR; };
		D95ECB192C118B0B004F4541 /* AppDelegate.swift */ = {isa = PBXFileReference; lastKnownFileType = sourcecode.swift; path = AppDelegate.swift; sourceTree = "<group>"; };
		D95ECB1B2C118B0B004F4541 /* SceneDelegate.swift */ = {isa = PBXFileReference; lastKnownFileType = sourcecode.swift; path = SceneDelegate.swift; sourceTree = "<group>"; };
		D95ECB1D2C118B0B004F4541 /* EditorViewController.swift */ = {isa = PBXFileReference; lastKnownFileType = sourcecode.swift; path = EditorViewController.swift; sourceTree = "<group>"; };
		D95ECB202C118B0B004F4541 /* Base */ = {isa = PBXFileReference; lastKnownFileType = file.storyboard; name = Base; path = Base.lproj/Main.storyboard; sourceTree = "<group>"; };
		D95ECB222C118B0D004F4541 /* Assets.xcassets */ = {isa = PBXFileReference; lastKnownFileType = folder.assetcatalog; path = Assets.xcassets; sourceTree = "<group>"; };
		D95ECB252C118B0D004F4541 /* Base */ = {isa = PBXFileReference; lastKnownFileType = file.storyboard; name = Base; path = Base.lproj/LaunchScreen.storyboard; sourceTree = "<group>"; };
		D95ECB272C118B0D004F4541 /* Info.plist */ = {isa = PBXFileReference; lastKnownFileType = text.plist.xml; path = Info.plist; sourceTree = "<group>"; };
		D95ECB2C2C118B0D004F4541 /* EditorTests.xctest */ = {isa = PBXFileReference; explicitFileType = wrapper.cfbundle; includeInIndex = 0; path = EditorTests.xctest; sourceTree = BUILT_PRODUCTS_DIR; };
		D95ECB302C118B0D004F4541 /* EditorTests.swift */ = {isa = PBXFileReference; lastKnownFileType = sourcecode.swift; path = EditorTests.swift; sourceTree = "<group>"; };
		D95ECB362C118B0D004F4541 /* EditorUITests.xctest */ = {isa = PBXFileReference; explicitFileType = wrapper.cfbundle; includeInIndex = 0; path = EditorUITests.xctest; sourceTree = BUILT_PRODUCTS_DIR; };
		D95ECB3A2C118B0E004F4541 /* EditorUITests.swift */ = {isa = PBXFileReference; lastKnownFileType = sourcecode.swift; path = EditorUITests.swift; sourceTree = "<group>"; };
		D95ECB3C2C118B0E004F4541 /* EditorUITestsLaunchTests.swift */ = {isa = PBXFileReference; lastKnownFileType = sourcecode.swift; path = EditorUITestsLaunchTests.swift; sourceTree = "<group>"; };
		D9B51B732C1706BD00E0738B /* BrowserViewController.swift */ = {isa = PBXFileReference; lastKnownFileType = sourcecode.swift; path = BrowserViewController.swift; sourceTree = "<group>"; };
		D9B51B752C18064A00E0738B /* Theme.swift */ = {isa = PBXFileReference; lastKnownFileType = sourcecode.swift; path = Theme.swift; sourceTree = "<group>"; };
		D9B51B782C19988D00E0738B /* EditorInteractor.swift */ = {isa = PBXFileReference; lastKnownFileType = sourcecode.swift; path = EditorInteractor.swift; sourceTree = "<group>"; };
		D9B51B7B2C19A1E000E0738B /* UITextView.swift */ = {isa = PBXFileReference; lastKnownFileType = sourcecode.swift; path = UITextView.swift; sourceTree = "<group>"; };
		D9B51B7D2C19A48200E0738B /* UITextViewInteractor.swift */ = {isa = PBXFileReference; lastKnownFileType = sourcecode.swift; path = UITextViewInteractor.swift; sourceTree = "<group>"; };
		D9B51B802C1A55BA00E0738B /* EditLinkViewController.swift */ = {isa = PBXFileReference; lastKnownFileType = sourcecode.swift; path = EditLinkViewController.swift; sourceTree = "<group>"; };
/* End PBXFileReference section */

/* Begin PBXFrameworksBuildPhase section */
		D95ECB132C118B0B004F4541 /* Frameworks */ = {
			isa = PBXFrameworksBuildPhase;
			buildActionMask = 2147483647;
			files = (
			);
			runOnlyForDeploymentPostprocessing = 0;
		};
		D95ECB292C118B0D004F4541 /* Frameworks */ = {
			isa = PBXFrameworksBuildPhase;
			buildActionMask = 2147483647;
			files = (
			);
			runOnlyForDeploymentPostprocessing = 0;
		};
		D95ECB332C118B0D004F4541 /* Frameworks */ = {
			isa = PBXFrameworksBuildPhase;
			buildActionMask = 2147483647;
			files = (
			);
			runOnlyForDeploymentPostprocessing = 0;
		};
/* End PBXFrameworksBuildPhase section */

/* Begin PBXGroup section */
		D95ECB0D2C118B0B004F4541 = {
			isa = PBXGroup;
			children = (
				D95ECB182C118B0B004F4541 /* Editor */,
				D95ECB2F2C118B0D004F4541 /* EditorTests */,
				D95ECB392C118B0D004F4541 /* EditorUITests */,
				D95ECB172C118B0B004F4541 /* Products */,
			);
			sourceTree = "<group>";
		};
		D95ECB172C118B0B004F4541 /* Products */ = {
			isa = PBXGroup;
			children = (
				D95ECB162C118B0B004F4541 /* Editor.app */,
				D95ECB2C2C118B0D004F4541 /* EditorTests.xctest */,
				D95ECB362C118B0D004F4541 /* EditorUITests.xctest */,
			);
			name = Products;
			sourceTree = "<group>";
		};
		D95ECB182C118B0B004F4541 /* Editor */ = {
			isa = PBXGroup;
			children = (
				D9B51B842C1C208500E0738B /* Protocols */,
				D9B51B832C1B886900E0738B /* Controllers */,
				D9B51B822C1B884C00E0738B /* Delegates */,
				D9B51B7F2C19F5EC00E0738B /* UI */,
				D9B51B7A2C19A1CA00E0738B /* Extensions */,
				D9B51B772C18067000E0738B /* Resources */,
			);
			path = Editor;
			sourceTree = "<group>";
		};
		D95ECB2F2C118B0D004F4541 /* EditorTests */ = {
			isa = PBXGroup;
			children = (
				D95ECB302C118B0D004F4541 /* EditorTests.swift */,
			);
			path = EditorTests;
			sourceTree = "<group>";
		};
		D95ECB392C118B0D004F4541 /* EditorUITests */ = {
			isa = PBXGroup;
			children = (
				D95ECB3A2C118B0E004F4541 /* EditorUITests.swift */,
				D95ECB3C2C118B0E004F4541 /* EditorUITestsLaunchTests.swift */,
			);
			path = EditorUITests;
			sourceTree = "<group>";
		};
		D9B51B772C18067000E0738B /* Resources */ = {
			isa = PBXGroup;
			children = (
				D95ECB1F2C118B0B004F4541 /* Main.storyboard */,
				D95ECB222C118B0D004F4541 /* Assets.xcassets */,
				D95ECB242C118B0D004F4541 /* LaunchScreen.storyboard */,
				D95ECB272C118B0D004F4541 /* Info.plist */,
			);
			path = Resources;
			sourceTree = "<group>";
		};
		D9B51B7A2C19A1CA00E0738B /* Extensions */ = {
			isa = PBXGroup;
			children = (
				D9B51B7B2C19A1E000E0738B /* UITextView.swift */,
			);
			path = Extensions;
			sourceTree = "<group>";
		};
		D9B51B7F2C19F5EC00E0738B /* UI */ = {
			isa = PBXGroup;
			children = (
				D9B51B752C18064A00E0738B /* Theme.swift */,
			);
			path = UI;
			sourceTree = "<group>";
		};
		D9B51B822C1B884C00E0738B /* Delegates */ = {
			isa = PBXGroup;
			children = (
				D95ECB1B2C118B0B004F4541 /* SceneDelegate.swift */,
				D95ECB192C118B0B004F4541 /* AppDelegate.swift */,
			);
			path = Delegates;
			sourceTree = "<group>";
		};
		D9B51B832C1B886900E0738B /* Controllers */ = {
			isa = PBXGroup;
			children = (
				D9B51B802C1A55BA00E0738B /* EditLinkViewController.swift */,
				D9B51B732C1706BD00E0738B /* BrowserViewController.swift */,
				D95ECB1D2C118B0B004F4541 /* EditorViewController.swift */,
			);
			path = Controllers;
			sourceTree = "<group>";
		};
		D9B51B842C1C208500E0738B /* Protocols */ = {
			isa = PBXGroup;
			children = (
				D9B51B782C19988D00E0738B /* EditorInteractor.swift */,
				D9B51B7D2C19A48200E0738B /* UITextViewInteractor.swift */,
			);
			path = Protocols;
			sourceTree = "<group>";
		};
/* End PBXGroup section */

/* Begin PBXNativeTarget section */
		D95ECB152C118B0B004F4541 /* Editor */ = {
			isa = PBXNativeTarget;
			buildConfigurationList = D95ECB402C118B0E004F4541 /* Build configuration list for PBXNativeTarget "Editor" */;
			buildPhases = (
				D95ECB122C118B0B004F4541 /* Sources */,
				D95ECB132C118B0B004F4541 /* Frameworks */,
				D95ECB142C118B0B004F4541 /* Resources */,
			);
			buildRules = (
			);
			dependencies = (
			);
			name = Editor;
			productName = Editor;
			productReference = D95ECB162C118B0B004F4541 /* Editor.app */;
			productType = "com.apple.product-type.application";
		};
		D95ECB2B2C118B0D004F4541 /* EditorTests */ = {
			isa = PBXNativeTarget;
			buildConfigurationList = D95ECB432C118B0E004F4541 /* Build configuration list for PBXNativeTarget "EditorTests" */;
			buildPhases = (
				D95ECB282C118B0D004F4541 /* Sources */,
				D95ECB292C118B0D004F4541 /* Frameworks */,
				D95ECB2A2C118B0D004F4541 /* Resources */,
			);
			buildRules = (
			);
			dependencies = (
				D95ECB2E2C118B0D004F4541 /* PBXTargetDependency */,
			);
			name = EditorTests;
			productName = EditorTests;
			productReference = D95ECB2C2C118B0D004F4541 /* EditorTests.xctest */;
			productType = "com.apple.product-type.bundle.unit-test";
		};
		D95ECB352C118B0D004F4541 /* EditorUITests */ = {
			isa = PBXNativeTarget;
			buildConfigurationList = D95ECB462C118B0E004F4541 /* Build configuration list for PBXNativeTarget "EditorUITests" */;
			buildPhases = (
				D95ECB322C118B0D004F4541 /* Sources */,
				D95ECB332C118B0D004F4541 /* Frameworks */,
				D95ECB342C118B0D004F4541 /* Resources */,
			);
			buildRules = (
			);
			dependencies = (
				D95ECB382C118B0D004F4541 /* PBXTargetDependency */,
			);
			name = EditorUITests;
			productName = EditorUITests;
			productReference = D95ECB362C118B0D004F4541 /* EditorUITests.xctest */;
			productType = "com.apple.product-type.bundle.ui-testing";
		};
/* End PBXNativeTarget section */

/* Begin PBXProject section */
		D95ECB0E2C118B0B004F4541 /* Project object */ = {
			isa = PBXProject;
			attributes = {
				BuildIndependentTargetsInParallel = 1;
				LastSwiftUpdateCheck = 1540;
				LastUpgradeCheck = 1540;
				TargetAttributes = {
					D95ECB152C118B0B004F4541 = {
						CreatedOnToolsVersion = 15.4;
					};
					D95ECB2B2C118B0D004F4541 = {
						CreatedOnToolsVersion = 15.4;
						TestTargetID = D95ECB152C118B0B004F4541;
					};
					D95ECB352C118B0D004F4541 = {
						CreatedOnToolsVersion = 15.4;
						TestTargetID = D95ECB152C118B0B004F4541;
					};
				};
			};
			buildConfigurationList = D95ECB112C118B0B004F4541 /* Build configuration list for PBXProject "Editor" */;
			compatibilityVersion = "Xcode 14.0";
			developmentRegion = en;
			hasScannedForEncodings = 0;
			knownRegions = (
				en,
				Base,
			);
			mainGroup = D95ECB0D2C118B0B004F4541;
			productRefGroup = D95ECB172C118B0B004F4541 /* Products */;
			projectDirPath = "";
			projectRoot = "";
			targets = (
				D95ECB152C118B0B004F4541 /* Editor */,
				D95ECB2B2C118B0D004F4541 /* EditorTests */,
				D95ECB352C118B0D004F4541 /* EditorUITests */,
			);
		};
/* End PBXProject section */

/* Begin PBXResourcesBuildPhase section */
		D95ECB142C118B0B004F4541 /* Resources */ = {
			isa = PBXResourcesBuildPhase;
			buildActionMask = 2147483647;
			files = (
				D95ECB232C118B0D004F4541 /* Assets.xcassets in Resources */,
				D95ECB262C118B0D004F4541 /* Base in Resources */,
				D95ECB212C118B0B004F4541 /* Base in Resources */,
			);
			runOnlyForDeploymentPostprocessing = 0;
		};
		D95ECB2A2C118B0D004F4541 /* Resources */ = {
			isa = PBXResourcesBuildPhase;
			buildActionMask = 2147483647;
			files = (
			);
			runOnlyForDeploymentPostprocessing = 0;
		};
		D95ECB342C118B0D004F4541 /* Resources */ = {
			isa = PBXResourcesBuildPhase;
			buildActionMask = 2147483647;
			files = (
			);
			runOnlyForDeploymentPostprocessing = 0;
		};
/* End PBXResourcesBuildPhase section */

/* Begin PBXSourcesBuildPhase section */
		D95ECB122C118B0B004F4541 /* Sources */ = {
			isa = PBXSourcesBuildPhase;
			buildActionMask = 2147483647;
			files = (
				D9B51B7C2C19A1E000E0738B /* UITextView.swift in Sources */,
				D95ECB1E2C118B0B004F4541 /* EditorViewController.swift in Sources */,
				D9B51B792C19988D00E0738B /* EditorInteractor.swift in Sources */,
				D9B51B742C1706BD00E0738B /* BrowserViewController.swift in Sources */,
				D9B51B7E2C19A48200E0738B /* UITextViewInteractor.swift in Sources */,
				D9B51B762C18064A00E0738B /* Theme.swift in Sources */,
				D95ECB1A2C118B0B004F4541 /* AppDelegate.swift in Sources */,
				D95ECB1C2C118B0B004F4541 /* SceneDelegate.swift in Sources */,
				D9B51B812C1A55BA00E0738B /* EditLinkViewController.swift in Sources */,
			);
			runOnlyForDeploymentPostprocessing = 0;
		};
		D95ECB282C118B0D004F4541 /* Sources */ = {
			isa = PBXSourcesBuildPhase;
			buildActionMask = 2147483647;
			files = (
				D95ECB312C118B0D004F4541 /* EditorTests.swift in Sources */,
			);
			runOnlyForDeploymentPostprocessing = 0;
		};
		D95ECB322C118B0D004F4541 /* Sources */ = {
			isa = PBXSourcesBuildPhase;
			buildActionMask = 2147483647;
			files = (
				D95ECB3B2C118B0E004F4541 /* EditorUITests.swift in Sources */,
				D95ECB3D2C118B0E004F4541 /* EditorUITestsLaunchTests.swift in Sources */,
			);
			runOnlyForDeploymentPostprocessing = 0;
		};
/* End PBXSourcesBuildPhase section */

/* Begin PBXTargetDependency section */
		D95ECB2E2C118B0D004F4541 /* PBXTargetDependency */ = {
			isa = PBXTargetDependency;
			target = D95ECB152C118B0B004F4541 /* Editor */;
			targetProxy = D95ECB2D2C118B0D004F4541 /* PBXContainerItemProxy */;
		};
		D95ECB382C118B0D004F4541 /* PBXTargetDependency */ = {
			isa = PBXTargetDependency;
			target = D95ECB152C118B0B004F4541 /* Editor */;
			targetProxy = D95ECB372C118B0D004F4541 /* PBXContainerItemProxy */;
		};
/* End PBXTargetDependency section */

/* Begin PBXVariantGroup section */
		D95ECB1F2C118B0B004F4541 /* Main.storyboard */ = {
			isa = PBXVariantGroup;
			children = (
				D95ECB202C118B0B004F4541 /* Base */,
			);
			name = Main.storyboard;
			sourceTree = "<group>";
		};
		D95ECB242C118B0D004F4541 /* LaunchScreen.storyboard */ = {
			isa = PBXVariantGroup;
			children = (
				D95ECB252C118B0D004F4541 /* Base */,
			);
			name = LaunchScreen.storyboard;
			sourceTree = "<group>";
		};
/* End PBXVariantGroup section */

/* Begin XCBuildConfiguration section */
		D95ECB3E2C118B0E004F4541 /* Debug */ = {
			isa = XCBuildConfiguration;
			buildSettings = {
				ALWAYS_SEARCH_USER_PATHS = NO;
				ASSETCATALOG_COMPILER_GENERATE_SWIFT_ASSET_SYMBOL_EXTENSIONS = YES;
				CLANG_ANALYZER_NONNULL = YES;
				CLANG_ANALYZER_NUMBER_OBJECT_CONVERSION = YES_AGGRESSIVE;
				CLANG_CXX_LANGUAGE_STANDARD = "gnu++20";
				CLANG_ENABLE_MODULES = YES;
				CLANG_ENABLE_OBJC_ARC = YES;
				CLANG_ENABLE_OBJC_WEAK = YES;
				CLANG_WARN_BLOCK_CAPTURE_AUTORELEASING = YES;
				CLANG_WARN_BOOL_CONVERSION = YES;
				CLANG_WARN_COMMA = YES;
				CLANG_WARN_CONSTANT_CONVERSION = YES;
				CLANG_WARN_DEPRECATED_OBJC_IMPLEMENTATIONS = YES;
				CLANG_WARN_DIRECT_OBJC_ISA_USAGE = YES_ERROR;
				CLANG_WARN_DOCUMENTATION_COMMENTS = YES;
				CLANG_WARN_EMPTY_BODY = YES;
				CLANG_WARN_ENUM_CONVERSION = YES;
				CLANG_WARN_INFINITE_RECURSION = YES;
				CLANG_WARN_INT_CONVERSION = YES;
				CLANG_WARN_NON_LITERAL_NULL_CONVERSION = YES;
				CLANG_WARN_OBJC_IMPLICIT_RETAIN_SELF = YES;
				CLANG_WARN_OBJC_LITERAL_CONVERSION = YES;
				CLANG_WARN_OBJC_ROOT_CLASS = YES_ERROR;
				CLANG_WARN_QUOTED_INCLUDE_IN_FRAMEWORK_HEADER = YES;
				CLANG_WARN_RANGE_LOOP_ANALYSIS = YES;
				CLANG_WARN_STRICT_PROTOTYPES = YES;
				CLANG_WARN_SUSPICIOUS_MOVE = YES;
				CLANG_WARN_UNGUARDED_AVAILABILITY = YES_AGGRESSIVE;
				CLANG_WARN_UNREACHABLE_CODE = YES;
				CLANG_WARN__DUPLICATE_METHOD_MATCH = YES;
				COPY_PHASE_STRIP = NO;
				DEBUG_INFORMATION_FORMAT = dwarf;
				ENABLE_STRICT_OBJC_MSGSEND = YES;
				ENABLE_TESTABILITY = YES;
				ENABLE_USER_SCRIPT_SANDBOXING = YES;
				GCC_C_LANGUAGE_STANDARD = gnu17;
				GCC_DYNAMIC_NO_PIC = NO;
				GCC_NO_COMMON_BLOCKS = YES;
				GCC_OPTIMIZATION_LEVEL = 0;
				GCC_PREPROCESSOR_DEFINITIONS = (
					"DEBUG=1",
					"$(inherited)",
				);
				GCC_WARN_64_TO_32_BIT_CONVERSION = YES;
				GCC_WARN_ABOUT_RETURN_TYPE = YES_ERROR;
				GCC_WARN_UNDECLARED_SELECTOR = YES;
				GCC_WARN_UNINITIALIZED_AUTOS = YES_AGGRESSIVE;
				GCC_WARN_UNUSED_FUNCTION = YES;
				GCC_WARN_UNUSED_VARIABLE = YES;
				IPHONEOS_DEPLOYMENT_TARGET = 17.5;
				LOCALIZATION_PREFERS_STRING_CATALOGS = YES;
				MTL_ENABLE_DEBUG_INFO = INCLUDE_SOURCE;
				MTL_FAST_MATH = YES;
				ONLY_ACTIVE_ARCH = YES;
				SDKROOT = iphoneos;
				SWIFT_ACTIVE_COMPILATION_CONDITIONS = "DEBUG $(inherited)";
				SWIFT_OPTIMIZATION_LEVEL = "-Onone";
			};
			name = Debug;
		};
		D95ECB3F2C118B0E004F4541 /* Release */ = {
			isa = XCBuildConfiguration;
			buildSettings = {
				ALWAYS_SEARCH_USER_PATHS = NO;
				ASSETCATALOG_COMPILER_GENERATE_SWIFT_ASSET_SYMBOL_EXTENSIONS = YES;
				CLANG_ANALYZER_NONNULL = YES;
				CLANG_ANALYZER_NUMBER_OBJECT_CONVERSION = YES_AGGRESSIVE;
				CLANG_CXX_LANGUAGE_STANDARD = "gnu++20";
				CLANG_ENABLE_MODULES = YES;
				CLANG_ENABLE_OBJC_ARC = YES;
				CLANG_ENABLE_OBJC_WEAK = YES;
				CLANG_WARN_BLOCK_CAPTURE_AUTORELEASING = YES;
				CLANG_WARN_BOOL_CONVERSION = YES;
				CLANG_WARN_COMMA = YES;
				CLANG_WARN_CONSTANT_CONVERSION = YES;
				CLANG_WARN_DEPRECATED_OBJC_IMPLEMENTATIONS = YES;
				CLANG_WARN_DIRECT_OBJC_ISA_USAGE = YES_ERROR;
				CLANG_WARN_DOCUMENTATION_COMMENTS = YES;
				CLANG_WARN_EMPTY_BODY = YES;
				CLANG_WARN_ENUM_CONVERSION = YES;
				CLANG_WARN_INFINITE_RECURSION = YES;
				CLANG_WARN_INT_CONVERSION = YES;
				CLANG_WARN_NON_LITERAL_NULL_CONVERSION = YES;
				CLANG_WARN_OBJC_IMPLICIT_RETAIN_SELF = YES;
				CLANG_WARN_OBJC_LITERAL_CONVERSION = YES;
				CLANG_WARN_OBJC_ROOT_CLASS = YES_ERROR;
				CLANG_WARN_QUOTED_INCLUDE_IN_FRAMEWORK_HEADER = YES;
				CLANG_WARN_RANGE_LOOP_ANALYSIS = YES;
				CLANG_WARN_STRICT_PROTOTYPES = YES;
				CLANG_WARN_SUSPICIOUS_MOVE = YES;
				CLANG_WARN_UNGUARDED_AVAILABILITY = YES_AGGRESSIVE;
				CLANG_WARN_UNREACHABLE_CODE = YES;
				CLANG_WARN__DUPLICATE_METHOD_MATCH = YES;
				COPY_PHASE_STRIP = NO;
				DEBUG_INFORMATION_FORMAT = "dwarf-with-dsym";
				ENABLE_NS_ASSERTIONS = NO;
				ENABLE_STRICT_OBJC_MSGSEND = YES;
				ENABLE_USER_SCRIPT_SANDBOXING = YES;
				GCC_C_LANGUAGE_STANDARD = gnu17;
				GCC_NO_COMMON_BLOCKS = YES;
				GCC_WARN_64_TO_32_BIT_CONVERSION = YES;
				GCC_WARN_ABOUT_RETURN_TYPE = YES_ERROR;
				GCC_WARN_UNDECLARED_SELECTOR = YES;
				GCC_WARN_UNINITIALIZED_AUTOS = YES_AGGRESSIVE;
				GCC_WARN_UNUSED_FUNCTION = YES;
				GCC_WARN_UNUSED_VARIABLE = YES;
				IPHONEOS_DEPLOYMENT_TARGET = 17.5;
				LOCALIZATION_PREFERS_STRING_CATALOGS = YES;
				MTL_ENABLE_DEBUG_INFO = NO;
				MTL_FAST_MATH = YES;
				SDKROOT = iphoneos;
				SWIFT_COMPILATION_MODE = wholemodule;
				VALIDATE_PRODUCT = YES;
			};
			name = Release;
		};
		D95ECB412C118B0E004F4541 /* Debug */ = {
			isa = XCBuildConfiguration;
			buildSettings = {
				ASSETCATALOG_COMPILER_APPICON_NAME = AppIcon;
				ASSETCATALOG_COMPILER_GLOBAL_ACCENT_COLOR_NAME = AccentColor;
				CODE_SIGN_STYLE = Automatic;
				CURRENT_PROJECT_VERSION = 1;
				DEVELOPMENT_TEAM = "";
				GENERATE_INFOPLIST_FILE = YES;
				INFOPLIST_FILE = Editor/Resources/Info.plist;
				INFOPLIST_KEY_UIApplicationSupportsIndirectInputEvents = YES;
				INFOPLIST_KEY_UILaunchStoryboardName = LaunchScreen;
				INFOPLIST_KEY_UIMainStoryboardFile = Main;
				INFOPLIST_KEY_UISupportedInterfaceOrientations_iPad = "UIInterfaceOrientationPortrait UIInterfaceOrientationPortraitUpsideDown UIInterfaceOrientationLandscapeLeft UIInterfaceOrientationLandscapeRight";
				INFOPLIST_KEY_UISupportedInterfaceOrientations_iPhone = "UIInterfaceOrientationPortrait UIInterfaceOrientationLandscapeLeft UIInterfaceOrientationLandscapeRight";
				LD_RUNPATH_SEARCH_PATHS = (
					"$(inherited)",
					"@executable_path/Frameworks",
				);
				MARKETING_VERSION = 1.0;
				PRODUCT_BUNDLE_IDENTIFIER = com.example.Editor;
				PRODUCT_NAME = "$(TARGET_NAME)";
				SWIFT_EMIT_LOC_STRINGS = YES;
				SWIFT_VERSION = 5.0;
				TARGETED_DEVICE_FAMILY = "1,2";
			};
			name = Debug;
		};
		D95ECB422C118B0E004F4541 /* Release */ = {
			isa = XCBuildConfiguration;
			buildSettings = {
				ASSETCATALOG_COMPILER_APPICON_NAME = AppIcon;
				ASSETCATALOG_COMPILER_GLOBAL_ACCENT_COLOR_NAME = AccentColor;
				CODE_SIGN_STYLE = Automatic;
				CURRENT_PROJECT_VERSION = 1;
				DEVELOPMENT_TEAM = "";
				GENERATE_INFOPLIST_FILE = YES;
				INFOPLIST_FILE = Editor/Resources/Info.plist;
				INFOPLIST_KEY_UIApplicationSupportsIndirectInputEvents = YES;
				INFOPLIST_KEY_UILaunchStoryboardName = LaunchScreen;
				INFOPLIST_KEY_UIMainStoryboardFile = Main;
				INFOPLIST_KEY_UISupportedInterfaceOrientations_iPad = "UIInterfaceOrientationPortrait UIInterfaceOrientationPortraitUpsideDown UIInterfaceOrientationLandscapeLeft UIInterfaceOrientationLandscapeRight";
				INFOPLIST_KEY_UISupportedInterfaceOrientations_iPhone = "UIInterfaceOrientationPortrait UIInterfaceOrientationLandscapeLeft UIInterfaceOrientationLandscapeRight";
				LD_RUNPATH_SEARCH_PATHS = (
					"$(inherited)",
					"@executable_path/Frameworks",
				);
				MARKETING_VERSION = 1.0;
				PRODUCT_BUNDLE_IDENTIFIER = com.example.Editor;
				PRODUCT_NAME = "$(TARGET_NAME)";
				SWIFT_EMIT_LOC_STRINGS = YES;
				SWIFT_VERSION = 5.0;
				TARGETED_DEVICE_FAMILY = "1,2";
			};
			name = Release;
		};
		D95ECB442C118B0E004F4541 /* Debug */ = {
			isa = XCBuildConfiguration;
			buildSettings = {
				ALWAYS_EMBED_SWIFT_STANDARD_LIBRARIES = YES;
				BUNDLE_LOADER = "$(TEST_HOST)";
				CODE_SIGN_STYLE = Automatic;
				CURRENT_PROJECT_VERSION = 1;
				GENERATE_INFOPLIST_FILE = YES;
				IPHONEOS_DEPLOYMENT_TARGET = 17.5;
				MARKETING_VERSION = 1.0;
				PRODUCT_BUNDLE_IDENTIFIER = com.example.EditorTests;
				PRODUCT_NAME = "$(TARGET_NAME)";
				SWIFT_EMIT_LOC_STRINGS = NO;
				SWIFT_VERSION = 5.0;
				TARGETED_DEVICE_FAMILY = "1,2";
				TEST_HOST = "$(BUILT_PRODUCTS_DIR)/Editor.app/$(BUNDLE_EXECUTABLE_FOLDER_PATH)/Editor";
			};
			name = Debug;
		};
		D95ECB452C118B0E004F4541 /* Release */ = {
			isa = XCBuildConfiguration;
			buildSettings = {
				ALWAYS_EMBED_SWIFT_STANDARD_LIBRARIES = YES;
				BUNDLE_LOADER = "$(TEST_HOST)";
				CODE_SIGN_STYLE = Automatic;
				CURRENT_PROJECT_VERSION = 1;
				GENERATE_INFOPLIST_FILE = YES;
				IPHONEOS_DEPLOYMENT_TARGET = 17.5;
				MARKETING_VERSION = 1.0;
				PRODUCT_BUNDLE_IDENTIFIER = com.example.EditorTests;
				PRODUCT_NAME = "$(TARGET_NAME)";
				SWIFT_EMIT_LOC_STRINGS = NO;
				SWIFT_VERSION = 5.0;
				TARGETED_DEVICE_FAMILY = "1,2";
				TEST_HOST = "$(BUILT_PRODUCTS_DIR)/Editor.app/$(BUNDLE_EXECUTABLE_FOLDER_PATH)/Editor";
			};
			name = Release;
		};
		D95ECB472C118B0E004F4541 /* Debug */ = {
			isa = XCBuildConfiguration;
			buildSettings = {
				ALWAYS_EMBED_SWIFT_STANDARD_LIBRARIES = YES;
				CODE_SIGN_STYLE = Automatic;
				CURRENT_PROJECT_VERSION = 1;
				GENERATE_INFOPLIST_FILE = YES;
				MARKETING_VERSION = 1.0;
				PRODUCT_BUNDLE_IDENTIFIER = com.example.EditorUITests;
				PRODUCT_NAME = "$(TARGET_NAME)";
				SWIFT_EMIT_LOC_STRINGS = NO;
				SWIFT_VERSION = 5.0;
				TARGETED_DEVICE_FAMILY = "1,2";
				TEST_TARGET_NAME = Editor;
			};
			name = Debug;
		};
		D95ECB482C118B0E004F4541 /* Release */ = {
			isa = XCBuildConfiguration;
			buildSettings = {
				ALWAYS_EMBED_SWIFT_STANDARD_LIBRARIES = YES;
				CODE_SIGN_STYLE = Automatic;
				CURRENT_PROJECT_VERSION = 1;
				GENERATE_INFOPLIST_FILE = YES;
				MARKETING_VERSION = 1.0;
				PRODUCT_BUNDLE_IDENTIFIER = com.example.EditorUITests;
				PRODUCT_NAME = "$(TARGET_NAME)";
				SWIFT_EMIT_LOC_STRINGS = NO;
				SWIFT_VERSION = 5.0;
				TARGETED_DEVICE_FAMILY = "1,2";
				TEST_TARGET_NAME = Editor;
			};
			name = Release;
		};
/* End XCBuildConfiguration section */

/* Begin XCConfigurationList section */
		D95ECB112C118B0B004F4541 /* Build configuration list for PBXProject "Editor" */ = {
			isa = XCConfigurationList;
			buildConfigurations = (
				D95ECB3E2C118B0E004F4541 /* Debug */,
				D95ECB3F2C118B0E004F4541 /* Release */,
			);
			defaultConfigurationIsVisible = 0;
			defaultConfigurationName = Release;
		};
		D95ECB402C118B0E004F4541 /* Build configuration list for PBXNativeTarget "Editor" */ = {
			isa = XCConfigurationList;
			buildConfigurations = (
				D95ECB412C118B0E004F4541 /* Debug */,
				D95ECB422C118B0E004F4541 /* Release */,
			);
			defaultConfigurationIsVisible = 0;
			defaultConfigurationName = Release;
		};
		D95ECB432C118B0E004F4541 /* Build configuration list for PBXNativeTarget "EditorTests" */ = {
			isa = XCConfigurationList;
			buildConfigurations = (
				D95ECB442C118B0E004F4541 /* Debug */,
				D95ECB452C118B0E004F4541 /* Release */,
			);
			defaultConfigurationIsVisible = 0;
			defaultConfigurationName = Release;
		};
		D95ECB462C118B0E004F4541 /* Build configuration list for PBXNativeTarget "EditorUITests" */ = {
			isa = XCConfigurationList;
			buildConfigurations = (
				D95ECB472C118B0E004F4541 /* Debug */,
				D95ECB482C118B0E004F4541 /* Release */,
			);
			defaultConfigurationIsVisible = 0;
			defaultConfigurationName = Release;
		};
/* End XCConfigurationList section */
	};
	rootObject = D95ECB0E2C118B0B004F4541 /* Project object */;
}
